{
    "name": "coyote-js",
    "lockfileVersion": 3,
    "requires": true,
    "packages": {
        "": {
            "workspaces": [
                "sieve",
                "parse",
                "html",
                "coyote_html"
            ],
            "devDependencies": {
                "@types/node": "^22.5.5",
                "jackrabbit": "github:wolfpup-software/jackrabbit-js",
                "prettier": "^3.3.3",
                "typescript": "^5.6.3"
            }
        },
        "../jackrabbit-js": {
            "name": "jackrabbit",
            "extraneous": true,
            "hasInstallScript": true,
            "workspaces": [
                "core",
                "cli",
                "nodejs_cli",
                "tests"
            ],
            "devDependencies": {
                "@types/node": "^22.5.5",
                "prettier": "^3.3.1",
                "typescript": "^5.4.5"
            }
        },
        "coyote_html": {
            "name": "coyote",
            "version": "0.1.0",
            "license": "BSD-3-Clause"
        },
        "html": {
            "version": "0.1.0",
            "license": "BSD-3-Clause"
        },
        "node_modules/@types/node": {
            "version": "22.8.6",
            "resolved": "https://registry.npmjs.org/@types/node/-/node-22.8.6.tgz",
            "integrity": "sha512-tosuJYKrIqjQIlVCM4PEGxOmyg3FCPa/fViuJChnGeEIhjA46oy8FMVoF9su1/v8PNs2a8Q0iFNyOx0uOF91nw==",
            "dev": true,
            "license": "MIT",
            "dependencies": {
                "undici-types": "~6.19.8"
            }
        },
        "node_modules/coyote": {
            "resolved": "coyote_html",
            "link": true
        },
        "node_modules/html": {
            "resolved": "html",
            "link": true
        },
        "node_modules/jackrabbit": {
            "resolved": "git+ssh://git@github.com/wolfpup-software/jackrabbit-js.git#a09b6eef764732dfa57be0191a7e3fdffbdc2e51",
            "dev": true,
            "hasInstallScript": true,
            "workspaces": [
                "core",
                "cli",
                "nodejs_cli",
                "tests"
            ]
        },
        "node_modules/parse": {
            "resolved": "parse",
            "link": true
        },
        "node_modules/prettier": {
            "version": "3.3.3",
            "resolved": "https://registry.npmjs.org/prettier/-/prettier-3.3.3.tgz",
            "integrity": "sha512-i2tDNA0O5IrMO757lfrdQZCc2jPNDVntV0m/+4whiDfWaTKfMNgR7Qz0NAeGz/nRqF4m5/6CLzbP4/liHt12Ew==",
            "dev": true,
            "license": "MIT",
            "bin": {
                "prettier": "bin/prettier.cjs"
            },
            "engines": {
                "node": ">=14"
            },
            "funding": {
                "url": "https://github.com/prettier/prettier?sponsor=1"
            }
        },
        "node_modules/sieve": {
            "resolved": "sieve",
            "link": true
        },
        "node_modules/typescript": {
            "version": "5.6.3",
            "resolved": "https://registry.npmjs.org/typescript/-/typescript-5.6.3.tgz",
            "integrity": "sha512-hjcS1mhfuyi4WW8IWtjP7brDrG2cuDZukyrYrSauoXGNgx0S7zceP07adYkJycEr56BOUTNPzbInooiN3fn1qw==",
            "dev": true,
            "license": "Apache-2.0",
            "bin": {
                "tsc": "bin/tsc",
                "tsserver": "bin/tsserver"
            },
            "engines": {
                "node": ">=14.17"
            }
        },
        "node_modules/undici-types": {
            "version": "6.19.8",
            "resolved": "https://registry.npmjs.org/undici-types/-/undici-types-6.19.8.tgz",
            "integrity": "sha512-ve2KP6f/JnbPBFyobGHuerC9g1FYGn/F8n1LWTwNxCEzd6IfqTwUQcNXgEtmmQ6DlRrC1hrSrBnCZPokRrDHjw==",
            "dev": true,
            "license": "MIT"
        },
        "parse": {
            "version": "0.1.0",
            "license": "BSD-3-Clause"
        },
        "sieve": {
            "version": "0.1.0",
            "license": "BSD-3-Clause"
        }
    }
}
