{
	"name": "coyote-js",
	"lockfileVersion": 3,
	"requires": true,
	"packages": {
		"": {
			"workspaces": [
				"rulesets",
				"parse_str",
				"html",
				"coyote_html"
			],
			"devDependencies": {
				"jackrabbit": "github:wolfpup-software/jackrabbit-js",
				"prettier": "^3.3.3",
				"typescript": "^5.6.3"
			}
		},
		"coyote_html": {
			"name": "coyote",
			"version": "0.1.0",
			"license": "BSD-3-Clause"
		},
		"html": {
			"version": "0.1.0",
			"license": "BSD-3-Clause"
		},
		"node_modules/coyote": {
			"resolved": "coyote_html",
			"link": true
		},
		"node_modules/html": {
			"resolved": "html",
			"link": true
		},
		"node_modules/jackrabbit": {
			"resolved": "git+ssh://git@github.com/wolfpup-software/jackrabbit-js.git#40a672d1e430b8650ec3d95b7df87774134afe50",
			"dev": true,
			"workspaces": [
				"core",
				"cli",
				"nodejs_cli",
				"tests"
			]
		},
		"node_modules/parse_str": {
			"resolved": "parse_str",
			"link": true
		},
		"node_modules/prettier": {
			"version": "3.3.3",
			"resolved": "https://registry.npmjs.org/prettier/-/prettier-3.3.3.tgz",
			"integrity": "sha512-i2tDNA0O5IrMO757lfrdQZCc2jPNDVntV0m/+4whiDfWaTKfMNgR7Qz0NAeGz/nRqF4m5/6CLzbP4/liHt12Ew==",
			"dev": true,
			"license": "MIT",
			"bin": {
				"prettier": "bin/prettier.cjs"
			},
			"engines": {
				"node": ">=14"
			},
			"funding": {
				"url": "https://github.com/prettier/prettier?sponsor=1"
			}
		},
		"node_modules/rulesets": {
			"resolved": "rulesets",
			"link": true
		},
		"node_modules/typescript": {
			"version": "5.7.2",
			"resolved": "https://registry.npmjs.org/typescript/-/typescript-5.7.2.tgz",
			"integrity": "sha512-i5t66RHxDvVN40HfDd1PsEThGNnlMCMT3jMUuoh9/0TaqWevNontacunWyN02LA9/fIbEWlcHZcgTKb9QoaLfg==",
			"dev": true,
			"license": "Apache-2.0",
			"bin": {
				"tsc": "bin/tsc",
				"tsserver": "bin/tsserver"
			},
			"engines": {
				"node": ">=14.17"
			}
		},
		"parse_str": {
			"version": "0.1.0",
			"license": "BSD-3-Clause"
		},
		"rulesets": {
			"version": "0.1.0",
			"license": "BSD-3-Clause"
		}
	}
}
