{
  "name": "coyote-js",
  "lockfileVersion": 3,
  "requires": true,
  "packages": {
    "": {
      "workspaces": [
        "sieve",
        "parse_str",
        "html",
        "coyote_html"
      ],
      "devDependencies": {
        "@types/node": "^22.5.5",
        "jackrabbit": "github:wolfpup-software/jackrabbit-js",
        "prettier": "^3.3.3",
        "typescript": "^5.6.3"
      }
    },
    "coyote_html": {
      "name": "coyote",
      "version": "0.1.0",
      "license": "BSD-3-Clause"
    },
    "html": {
      "version": "0.1.0",
      "license": "BSD-3-Clause"
    },
    "node_modules/@types/node": {
      "version": "22.8.6",
      "dev": true,
      "license": "MIT",
      "dependencies": {
        "undici-types": "~6.19.8"
      }
    },
    "node_modules/coyote": {
      "resolved": "coyote_html",
      "link": true
    },
    "node_modules/html": {
      "resolved": "html",
      "link": true
    },
    "node_modules/jackrabbit": {
      "resolved": "git+ssh://git@github.com/wolfpup-software/jackrabbit-js.git#0b9681d2fdd7af1be285059ca348d70563c69460",
      "dev": true,
      "workspaces": [
        "core",
        "cli",
        "nodejs_cli",
        "tests"
      ]
    },
    "node_modules/parse_str": {
      "resolved": "parse_str",
      "link": true
    },
    "node_modules/prettier": {
      "version": "3.3.3",
      "dev": true,
      "license": "MIT",
      "bin": {
        "prettier": "bin/prettier.cjs"
      },
      "engines": {
        "node": ">=14"
      },
      "funding": {
        "url": "https://github.com/prettier/prettier?sponsor=1"
      }
    },
    "node_modules/sieve": {
      "resolved": "sieve",
      "link": true
    },
    "node_modules/typescript": {
      "version": "5.6.3",
      "dev": true,
      "license": "Apache-2.0",
      "bin": {
        "tsc": "bin/tsc",
        "tsserver": "bin/tsserver"
      },
      "engines": {
        "node": ">=14.17"
      }
    },
    "node_modules/undici-types": {
      "version": "6.19.8",
      "dev": true,
      "license": "MIT"
    },
    "parse_str": {
      "version": "0.1.0",
      "license": "BSD-3-Clause"
    },
    "sieve": {
      "version": "0.1.0",
      "license": "BSD-3-Clause"
    }
  }
}
